
Microsoft Visual Studio Solution File, Format Version 12.00
# Visual Studio Version 17
VisualStudioVersion = 17.6.33829.357
MinimumVisualStudioVersion = 10.0.40219.1
Project("{9A19103F-16F7-4668-BE54-9A1E7A4F7556}") = "Extensions", "Extensions\Extensions.csproj", "{954B286D-61A3-4D12-8009-DB565F54257B}"
EndProject
Project("{9A19103F-16F7-4668-BE54-9A1E7A4F7556}") = "Laba1", "Laba1\Laba1.csproj", "{CA013C42-F386-4DE0-A69D-D39BFC373E26}"
	ProjectSection(ProjectDependencies) = postProject
		{954B286D-61A3-4D12-8009-DB565F54257B} = {954B286D-61A3-4D12-8009-DB565F54257B}
	EndProjectSection
EndProject
Project("{888888A0-9F3D-457C-B088-3A5042F75D52}") = "Laba1-Python", "Laba1-Python\Laba1-Python.pyproj", "{6E16F94F-E607-4805-8430-D5C32150636A}"
EndProject
Project("{9A19103F-16F7-4668-BE54-9A1E7A4F7556}") = "Laba2", "Laba2\Laba2.csproj", "{A613E647-1972-414A-B96D-159912058FD1}"
	ProjectSection(ProjectDependencies) = postProject
		{954B286D-61A3-4D12-8009-DB565F54257B} = {954B286D-61A3-4D12-8009-DB565F54257B}
	EndProjectSection
EndProject
Project("{888888A0-9F3D-457C-B088-3A5042F75D52}") = "Laba2-Python", "Laba2-Python\Laba2-Python.pyproj", "{0ED1DE54-8899-4F24-AF71-88FB204A7C02}"
EndProject
Project("{FAE04EC0-301F-11D3-BF4B-00C04F79EFBC}") = "Laba3-Csharp", "Laba3-Csharp\Laba3-Csharp.csproj", "{AC9EACD9-29C9-40DD-B44B-7DC44813C2A9}"
EndProject
Global
	GlobalSection(SolutionConfigurationPlatforms) = preSolution
		Debug|Any CPU = Debug|Any CPU
		Release|Any CPU = Release|Any CPU
	EndGlobalSection
	GlobalSection(ProjectConfigurationPlatforms) = postSolution
		{954B286D-61A3-4D12-8009-DB565F54257B}.Debug|Any CPU.ActiveCfg = Debug|Any CPU
		{954B286D-61A3-4D12-8009-DB565F54257B}.Debug|Any CPU.Build.0 = Debug|Any CPU
		{954B286D-61A3-4D12-8009-DB565F54257B}.Release|Any CPU.ActiveCfg = Release|Any CPU
		{954B286D-61A3-4D12-8009-DB565F54257B}.Release|Any CPU.Build.0 = Release|Any CPU
		{CA013C42-F386-4DE0-A69D-D39BFC373E26}.Debug|Any CPU.ActiveCfg = Debug|Any CPU
		{CA013C42-F386-4DE0-A69D-D39BFC373E26}.Debug|Any CPU.Build.0 = Debug|Any CPU
		{CA013C42-F386-4DE0-A69D-D39BFC373E26}.Release|Any CPU.ActiveCfg = Release|Any CPU
		{CA013C42-F386-4DE0-A69D-D39BFC373E26}.Release|Any CPU.Build.0 = Release|Any CPU
		{6E16F94F-E607-4805-8430-D5C32150636A}.Debug|Any CPU.ActiveCfg = Debug|Any CPU
		{6E16F94F-E607-4805-8430-D5C32150636A}.Release|Any CPU.ActiveCfg = Release|Any CPU
		{A613E647-1972-414A-B96D-159912058FD1}.Debug|Any CPU.ActiveCfg = Debug|Any CPU
		{A613E647-1972-414A-B96D-159912058FD1}.Debug|Any CPU.Build.0 = Debug|Any CPU
		{A613E647-1972-414A-B96D-159912058FD1}.Release|Any CPU.ActiveCfg = Release|Any CPU
		{A613E647-1972-414A-B96D-159912058FD1}.Release|Any CPU.Build.0 = Release|Any CPU
		{0ED1DE54-8899-4F24-AF71-88FB204A7C02}.Debug|Any CPU.ActiveCfg = Debug|Any CPU
		{0ED1DE54-8899-4F24-AF71-88FB204A7C02}.Release|Any CPU.ActiveCfg = Release|Any CPU
		{AC9EACD9-29C9-40DD-B44B-7DC44813C2A9}.Debug|Any CPU.ActiveCfg = Debug|Any CPU
		{AC9EACD9-29C9-40DD-B44B-7DC44813C2A9}.Debug|Any CPU.Build.0 = Debug|Any CPU
		{AC9EACD9-29C9-40DD-B44B-7DC44813C2A9}.Release|Any CPU.ActiveCfg = Release|Any CPU
		{AC9EACD9-29C9-40DD-B44B-7DC44813C2A9}.Release|Any CPU.Build.0 = Release|Any CPU
	EndGlobalSection
	GlobalSection(SolutionProperties) = preSolution
		HideSolutionNode = FALSE
	EndGlobalSection
	GlobalSection(ExtensibilityGlobals) = postSolution
		SolutionGuid = {3A42581A-D359-42FA-9822-A90806787084}
	EndGlobalSection
EndGlobal
